
Microsoft Visual Studio Solution File, Format Version 12.00
# Visual Studio 14
VisualStudioVersion = 14.0.25420.1
MinimumVisualStudioVersion = 10.0.40219.1
Project("{FAE04EC0-301F-11D3-BF4B-00C04F79EFBC}") = "GoodMovie", "GoodMovie\GoodMovie.csproj", "{4EEA514A-D04A-4379-922F-1B4CC004A07F}"
EndProject
Project("{FAE04EC0-301F-11D3-BF4B-00C04F79EFBC}") = "GoodMovie.ViewModels", "GoodMovie.ViewModels\GoodMovie.ViewModels.csproj", "{A8734B08-7AAE-4E3D-9965-2BD57E58E3E3}"
EndProject
Project("{FAE04EC0-301F-11D3-BF4B-00C04F79EFBC}") = "GoodMovie.ServerAccess", "GoodMovie.ServerAccess\GoodMovie.ServerAccess.csproj", "{89DFE7B9-786E-46E3-A1BE-789A398862FA}"
EndProject
Project("{FAE04EC0-301F-11D3-BF4B-00C04F79EFBC}") = "GoodMovie.Common", "GoodMovie.Common\GoodMovie.Common.csproj", "{D548F831-4457-4ABD-94AA-C96908CC1692}"
EndProject
Project("{FAE04EC0-301F-11D3-BF4B-00C04F79EFBC}") = "GoodMovie.Contracts", "GoodMovie.Contracts\GoodMovie.Contracts.csproj", "{E49DA716-0A0C-432C-9A6E-3A040F78CA5A}"
EndProject
Project("{FAE04EC0-301F-11D3-BF4B-00C04F79EFBC}") = "GoodMovie.Services", "GoodMovie.Services\GoodMovie.Services.csproj", "{B3D23421-2ACD-4DCF-B36A-F9FA704C6247}"
EndProject
Project("{FAE04EC0-301F-11D3-BF4B-00C04F79EFBC}") = "GoodMovie.Settings", "GoodMovie.Settings\GoodMovie.Settings.csproj", "{8B99352B-D50D-48D3-BDB0-D2067FDA6E94}"
EndProject
Project("{FAE04EC0-301F-11D3-BF4B-00C04F79EFBC}") = "GoodMovie.Logger", "GoodMovie.Logger\GoodMovie.Logger.csproj", "{A086558C-7027-4EFC-8050-1979005E8DE0}"
EndProject
Global
	GlobalSection(SolutionConfigurationPlatforms) = preSolution
		Debug|Any CPU = Debug|Any CPU
		Debug|ARM = Debug|ARM
		Debug|x64 = Debug|x64
		Debug|x86 = Debug|x86
		Release|Any CPU = Release|Any CPU
		Release|ARM = Release|ARM
		Release|x64 = Release|x64
		Release|x86 = Release|x86
	EndGlobalSection
	GlobalSection(ProjectConfigurationPlatforms) = postSolution
		{4EEA514A-D04A-4379-922F-1B4CC004A07F}.Debug|Any CPU.ActiveCfg = Debug|x86
		{4EEA514A-D04A-4379-922F-1B4CC004A07F}.Debug|ARM.ActiveCfg = Debug|ARM
		{4EEA514A-D04A-4379-922F-1B4CC004A07F}.Debug|ARM.Build.0 = Debug|ARM
		{4EEA514A-D04A-4379-922F-1B4CC004A07F}.Debug|ARM.Deploy.0 = Debug|ARM
		{4EEA514A-D04A-4379-922F-1B4CC004A07F}.Debug|x64.ActiveCfg = Debug|x64
		{4EEA514A-D04A-4379-922F-1B4CC004A07F}.Debug|x64.Build.0 = Debug|x64
		{4EEA514A-D04A-4379-922F-1B4CC004A07F}.Debug|x64.Deploy.0 = Debug|x64
		{4EEA514A-D04A-4379-922F-1B4CC004A07F}.Debug|x86.ActiveCfg = Debug|x86
		{4EEA514A-D04A-4379-922F-1B4CC004A07F}.Debug|x86.Build.0 = Debug|x86
		{4EEA514A-D04A-4379-922F-1B4CC004A07F}.Debug|x86.Deploy.0 = Debug|x86
		{4EEA514A-D04A-4379-922F-1B4CC004A07F}.Release|Any CPU.ActiveCfg = Release|x86
		{4EEA514A-D04A-4379-922F-1B4CC004A07F}.Release|ARM.ActiveCfg = Release|ARM
		{4EEA514A-D04A-4379-922F-1B4CC004A07F}.Release|ARM.Build.0 = Release|ARM
		{4EEA514A-D04A-4379-922F-1B4CC004A07F}.Release|ARM.Deploy.0 = Release|ARM
		{4EEA514A-D04A-4379-922F-1B4CC004A07F}.Release|x64.ActiveCfg = Release|x64
		{4EEA514A-D04A-4379-922F-1B4CC004A07F}.Release|x64.Build.0 = Release|x64
		{4EEA514A-D04A-4379-922F-1B4CC004A07F}.Release|x64.Deploy.0 = Release|x64
		{4EEA514A-D04A-4379-922F-1B4CC004A07F}.Release|x86.ActiveCfg = Release|x86
		{4EEA514A-D04A-4379-922F-1B4CC004A07F}.Release|x86.Build.0 = Release|x86
		{4EEA514A-D04A-4379-922F-1B4CC004A07F}.Release|x86.Deploy.0 = Release|x86
		{A8734B08-7AAE-4E3D-9965-2BD57E58E3E3}.Debug|Any CPU.ActiveCfg = Debug|Any CPU
		{A8734B08-7AAE-4E3D-9965-2BD57E58E3E3}.Debug|Any CPU.Build.0 = Debug|Any CPU
		{A8734B08-7AAE-4E3D-9965-2BD57E58E3E3}.Debug|ARM.ActiveCfg = Debug|ARM
		{A8734B08-7AAE-4E3D-9965-2BD57E58E3E3}.Debug|ARM.Build.0 = Debug|ARM
		{A8734B08-7AAE-4E3D-9965-2BD57E58E3E3}.Debug|x64.ActiveCfg = Debug|x64
		{A8734B08-7AAE-4E3D-9965-2BD57E58E3E3}.Debug|x64.Build.0 = Debug|x64
		{A8734B08-7AAE-4E3D-9965-2BD57E58E3E3}.Debug|x86.ActiveCfg = Debug|x86
		{A8734B08-7AAE-4E3D-9965-2BD57E58E3E3}.Debug|x86.Build.0 = Debug|x86
		{A8734B08-7AAE-4E3D-9965-2BD57E58E3E3}.Release|Any CPU.ActiveCfg = Release|Any CPU
		{A8734B08-7AAE-4E3D-9965-2BD57E58E3E3}.Release|Any CPU.Build.0 = Release|Any CPU
		{A8734B08-7AAE-4E3D-9965-2BD57E58E3E3}.Release|ARM.ActiveCfg = Release|ARM
		{A8734B08-7AAE-4E3D-9965-2BD57E58E3E3}.Release|ARM.Build.0 = Release|ARM
		{A8734B08-7AAE-4E3D-9965-2BD57E58E3E3}.Release|x64.ActiveCfg = Release|x64
		{A8734B08-7AAE-4E3D-9965-2BD57E58E3E3}.Release|x64.Build.0 = Release|x64
		{A8734B08-7AAE-4E3D-9965-2BD57E58E3E3}.Release|x86.ActiveCfg = Release|x86
		{A8734B08-7AAE-4E3D-9965-2BD57E58E3E3}.Release|x86.Build.0 = Release|x86
		{89DFE7B9-786E-46E3-A1BE-789A398862FA}.Debug|Any CPU.ActiveCfg = Debug|Any CPU
		{89DFE7B9-786E-46E3-A1BE-789A398862FA}.Debug|Any CPU.Build.0 = Debug|Any CPU
		{89DFE7B9-786E-46E3-A1BE-789A398862FA}.Debug|ARM.ActiveCfg = Debug|ARM
		{89DFE7B9-786E-46E3-A1BE-789A398862FA}.Debug|ARM.Build.0 = Debug|ARM
		{89DFE7B9-786E-46E3-A1BE-789A398862FA}.Debug|x64.ActiveCfg = Debug|x64
		{89DFE7B9-786E-46E3-A1BE-789A398862FA}.Debug|x64.Build.0 = Debug|x64
		{89DFE7B9-786E-46E3-A1BE-789A398862FA}.Debug|x86.ActiveCfg = Debug|x86
		{89DFE7B9-786E-46E3-A1BE-789A398862FA}.Debug|x86.Build.0 = Debug|x86
		{89DFE7B9-786E-46E3-A1BE-789A398862FA}.Release|Any CPU.ActiveCfg = Release|Any CPU
		{89DFE7B9-786E-46E3-A1BE-789A398862FA}.Release|Any CPU.Build.0 = Release|Any CPU
		{89DFE7B9-786E-46E3-A1BE-789A398862FA}.Release|ARM.ActiveCfg = Release|ARM
		{89DFE7B9-786E-46E3-A1BE-789A398862FA}.Release|ARM.Build.0 = Release|ARM
		{89DFE7B9-786E-46E3-A1BE-789A398862FA}.Release|x64.ActiveCfg = Release|x64
		{89DFE7B9-786E-46E3-A1BE-789A398862FA}.Release|x64.Build.0 = Release|x64
		{89DFE7B9-786E-46E3-A1BE-789A398862FA}.Release|x86.ActiveCfg = Release|x86
		{89DFE7B9-786E-46E3-A1BE-789A398862FA}.Release|x86.Build.0 = Release|x86
		{D548F831-4457-4ABD-94AA-C96908CC1692}.Debug|Any CPU.ActiveCfg = Debug|Any CPU
		{D548F831-4457-4ABD-94AA-C96908CC1692}.Debug|Any CPU.Build.0 = Debug|Any CPU
		{D548F831-4457-4ABD-94AA-C96908CC1692}.Debug|ARM.ActiveCfg = Debug|ARM
		{D548F831-4457-4ABD-94AA-C96908CC1692}.Debug|ARM.Build.0 = Debug|ARM
		{D548F831-4457-4ABD-94AA-C96908CC1692}.Debug|x64.ActiveCfg = Debug|x64
		{D548F831-4457-4ABD-94AA-C96908CC1692}.Debug|x64.Build.0 = Debug|x64
		{D548F831-4457-4ABD-94AA-C96908CC1692}.Debug|x86.ActiveCfg = Debug|x86
		{D548F831-4457-4ABD-94AA-C96908CC1692}.Debug|x86.Build.0 = Debug|x86
		{D548F831-4457-4ABD-94AA-C96908CC1692}.Release|Any CPU.ActiveCfg = Release|Any CPU
		{D548F831-4457-4ABD-94AA-C96908CC1692}.Release|Any CPU.Build.0 = Release|Any CPU
		{D548F831-4457-4ABD-94AA-C96908CC1692}.Release|ARM.ActiveCfg = Release|ARM
		{D548F831-4457-4ABD-94AA-C96908CC1692}.Release|ARM.Build.0 = Release|ARM
		{D548F831-4457-4ABD-94AA-C96908CC1692}.Release|x64.ActiveCfg = Release|x64
		{D548F831-4457-4ABD-94AA-C96908CC1692}.Release|x64.Build.0 = Release|x64
		{D548F831-4457-4ABD-94AA-C96908CC1692}.Release|x86.ActiveCfg = Release|x86
		{D548F831-4457-4ABD-94AA-C96908CC1692}.Release|x86.Build.0 = Release|x86
		{E49DA716-0A0C-432C-9A6E-3A040F78CA5A}.Debug|Any CPU.ActiveCfg = Debug|Any CPU
		{E49DA716-0A0C-432C-9A6E-3A040F78CA5A}.Debug|Any CPU.Build.0 = Debug|Any CPU
		{E49DA716-0A0C-432C-9A6E-3A040F78CA5A}.Debug|ARM.ActiveCfg = Debug|ARM
		{E49DA716-0A0C-432C-9A6E-3A040F78CA5A}.Debug|ARM.Build.0 = Debug|ARM
		{E49DA716-0A0C-432C-9A6E-3A040F78CA5A}.Debug|x64.ActiveCfg = Debug|x64
		{E49DA716-0A0C-432C-9A6E-3A040F78CA5A}.Debug|x64.Build.0 = Debug|x64
		{E49DA716-0A0C-432C-9A6E-3A040F78CA5A}.Debug|x86.ActiveCfg = Debug|x86
		{E49DA716-0A0C-432C-9A6E-3A040F78CA5A}.Debug|x86.Build.0 = Debug|x86
		{E49DA716-0A0C-432C-9A6E-3A040F78CA5A}.Release|Any CPU.ActiveCfg = Release|Any CPU
		{E49DA716-0A0C-432C-9A6E-3A040F78CA5A}.Release|Any CPU.Build.0 = Release|Any CPU
		{E49DA716-0A0C-432C-9A6E-3A040F78CA5A}.Release|ARM.ActiveCfg = Release|ARM
		{E49DA716-0A0C-432C-9A6E-3A040F78CA5A}.Release|ARM.Build.0 = Release|ARM
		{E49DA716-0A0C-432C-9A6E-3A040F78CA5A}.Release|x64.ActiveCfg = Release|x64
		{E49DA716-0A0C-432C-9A6E-3A040F78CA5A}.Release|x64.Build.0 = Release|x64
		{E49DA716-0A0C-432C-9A6E-3A040F78CA5A}.Release|x86.ActiveCfg = Release|x86
		{E49DA716-0A0C-432C-9A6E-3A040F78CA5A}.Release|x86.Build.0 = Release|x86
		{B3D23421-2ACD-4DCF-B36A-F9FA704C6247}.Debug|Any CPU.ActiveCfg = Debug|Any CPU
		{B3D23421-2ACD-4DCF-B36A-F9FA704C6247}.Debug|Any CPU.Build.0 = Debug|Any CPU
		{B3D23421-2ACD-4DCF-B36A-F9FA704C6247}.Debug|ARM.ActiveCfg = Debug|ARM
		{B3D23421-2ACD-4DCF-B36A-F9FA704C6247}.Debug|ARM.Build.0 = Debug|ARM
		{B3D23421-2ACD-4DCF-B36A-F9FA704C6247}.Debug|x64.ActiveCfg = Debug|x64
		{B3D23421-2ACD-4DCF-B36A-F9FA704C6247}.Debug|x64.Build.0 = Debug|x64
		{B3D23421-2ACD-4DCF-B36A-F9FA704C6247}.Debug|x86.ActiveCfg = Debug|x86
		{B3D23421-2ACD-4DCF-B36A-F9FA704C6247}.Debug|x86.Build.0 = Debug|x86
		{B3D23421-2ACD-4DCF-B36A-F9FA704C6247}.Release|Any CPU.ActiveCfg = Release|Any CPU
		{B3D23421-2ACD-4DCF-B36A-F9FA704C6247}.Release|Any CPU.Build.0 = Release|Any CPU
		{B3D23421-2ACD-4DCF-B36A-F9FA704C6247}.Release|ARM.ActiveCfg = Release|ARM
		{B3D23421-2ACD-4DCF-B36A-F9FA704C6247}.Release|ARM.Build.0 = Release|ARM
		{B3D23421-2ACD-4DCF-B36A-F9FA704C6247}.Release|x64.ActiveCfg = Release|x64
		{B3D23421-2ACD-4DCF-B36A-F9FA704C6247}.Release|x64.Build.0 = Release|x64
		{B3D23421-2ACD-4DCF-B36A-F9FA704C6247}.Release|x86.ActiveCfg = Release|x86
		{B3D23421-2ACD-4DCF-B36A-F9FA704C6247}.Release|x86.Build.0 = Release|x86
		{8B99352B-D50D-48D3-BDB0-D2067FDA6E94}.Debug|Any CPU.ActiveCfg = Debug|Any CPU
		{8B99352B-D50D-48D3-BDB0-D2067FDA6E94}.Debug|Any CPU.Build.0 = Debug|Any CPU
		{8B99352B-D50D-48D3-BDB0-D2067FDA6E94}.Debug|ARM.ActiveCfg = Debug|ARM
		{8B99352B-D50D-48D3-BDB0-D2067FDA6E94}.Debug|ARM.Build.0 = Debug|ARM
		{8B99352B-D50D-48D3-BDB0-D2067FDA6E94}.Debug|x64.ActiveCfg = Debug|x64
		{8B99352B-D50D-48D3-BDB0-D2067FDA6E94}.Debug|x64.Build.0 = Debug|x64
		{8B99352B-D50D-48D3-BDB0-D2067FDA6E94}.Debug|x86.ActiveCfg = Debug|x86
		{8B99352B-D50D-48D3-BDB0-D2067FDA6E94}.Debug|x86.Build.0 = Debug|x86
		{8B99352B-D50D-48D3-BDB0-D2067FDA6E94}.Release|Any CPU.ActiveCfg = Release|Any CPU
		{8B99352B-D50D-48D3-BDB0-D2067FDA6E94}.Release|Any CPU.Build.0 = Release|Any CPU
		{8B99352B-D50D-48D3-BDB0-D2067FDA6E94}.Release|ARM.ActiveCfg = Release|ARM
		{8B99352B-D50D-48D3-BDB0-D2067FDA6E94}.Release|ARM.Build.0 = Release|ARM
		{8B99352B-D50D-48D3-BDB0-D2067FDA6E94}.Release|x64.ActiveCfg = Release|x64
		{8B99352B-D50D-48D3-BDB0-D2067FDA6E94}.Release|x64.Build.0 = Release|x64
		{8B99352B-D50D-48D3-BDB0-D2067FDA6E94}.Release|x86.ActiveCfg = Release|x86
		{8B99352B-D50D-48D3-BDB0-D2067FDA6E94}.Release|x86.Build.0 = Release|x86
		{A086558C-7027-4EFC-8050-1979005E8DE0}.Debug|Any CPU.ActiveCfg = Debug|Any CPU
		{A086558C-7027-4EFC-8050-1979005E8DE0}.Debug|Any CPU.Build.0 = Debug|Any CPU
		{A086558C-7027-4EFC-8050-1979005E8DE0}.Debug|ARM.ActiveCfg = Debug|ARM
		{A086558C-7027-4EFC-8050-1979005E8DE0}.Debug|ARM.Build.0 = Debug|ARM
		{A086558C-7027-4EFC-8050-1979005E8DE0}.Debug|x64.ActiveCfg = Debug|x64
		{A086558C-7027-4EFC-8050-1979005E8DE0}.Debug|x64.Build.0 = Debug|x64
		{A086558C-7027-4EFC-8050-1979005E8DE0}.Debug|x86.ActiveCfg = Debug|x86
		{A086558C-7027-4EFC-8050-1979005E8DE0}.Debug|x86.Build.0 = Debug|x86
		{A086558C-7027-4EFC-8050-1979005E8DE0}.Release|Any CPU.ActiveCfg = Release|Any CPU
		{A086558C-7027-4EFC-8050-1979005E8DE0}.Release|Any CPU.Build.0 = Release|Any CPU
		{A086558C-7027-4EFC-8050-1979005E8DE0}.Release|ARM.ActiveCfg = Release|ARM
		{A086558C-7027-4EFC-8050-1979005E8DE0}.Release|ARM.Build.0 = Release|ARM
		{A086558C-7027-4EFC-8050-1979005E8DE0}.Release|x64.ActiveCfg = Release|x64
		{A086558C-7027-4EFC-8050-1979005E8DE0}.Release|x64.Build.0 = Release|x64
		{A086558C-7027-4EFC-8050-1979005E8DE0}.Release|x86.ActiveCfg = Release|x86
		{A086558C-7027-4EFC-8050-1979005E8DE0}.Release|x86.Build.0 = Release|x86
	EndGlobalSection
	GlobalSection(SolutionProperties) = preSolution
		HideSolutionNode = FALSE
	EndGlobalSection
EndGlobal
